
Microsoft Visual Studio Solution File, Format Version 12.00
# Visual Studio Version 17
VisualStudioVersion = 17.11.35327.3
MinimumVisualStudioVersion = 10.0.40219.1
Project("{FAE04EC0-301F-11D3-BF4B-00C04F79EFBC}") = "CustomerWishlist", "CustomerWishlist\CustomerWishlist.csproj", "{702B4771-98F8-45F2-AD95-DF56FE35E018}"
EndProject
Project("{FAE04EC0-301F-11D3-BF4B-00C04F79EFBC}") = "CustomerWishlist.Tests", "CustomerWishlist.Tests\CustomerWishlist.Tests.csproj", "{4333B3D4-30F5-412E-A5D3-96853D5E41EE}"
EndProject
Global
	GlobalSection(SolutionConfigurationPlatforms) = preSolution
		Debug|Any CPU = Debug|Any CPU
		Release|Any CPU = Release|Any CPU
	EndGlobalSection
	GlobalSection(ProjectConfigurationPlatforms) = postSolution
		{702B4771-98F8-45F2-AD95-DF56FE35E018}.Debug|Any CPU.ActiveCfg = Debug|Any CPU
		{702B4771-98F8-45F2-AD95-DF56FE35E018}.Debug|Any CPU.Build.0 = Debug|Any CPU
		{702B4771-98F8-45F2-AD95-DF56FE35E018}.Release|Any CPU.ActiveCfg = Release|Any CPU
		{702B4771-98F8-45F2-AD95-DF56FE35E018}.Release|Any CPU.Build.0 = Release|Any CPU
		{4333B3D4-30F5-412E-A5D3-96853D5E41EE}.Debug|Any CPU.ActiveCfg = Debug|Any CPU
		{4333B3D4-30F5-412E-A5D3-96853D5E41EE}.Debug|Any CPU.Build.0 = Debug|Any CPU
		{4333B3D4-30F5-412E-A5D3-96853D5E41EE}.Release|Any CPU.ActiveCfg = Release|Any CPU
		{4333B3D4-30F5-412E-A5D3-96853D5E41EE}.Release|Any CPU.Build.0 = Release|Any CPU
	EndGlobalSection
	GlobalSection(SolutionProperties) = preSolution
		HideSolutionNode = FALSE
	EndGlobalSection
	GlobalSection(ExtensibilityGlobals) = postSolution
		SolutionGuid = {90E32A4A-392C-4345-B294-5E21B33B65C4}
	EndGlobalSection
EndGlobal
